{
  "name": "@hipo/eslint-config-typescript",
  "version": "1.2.1",
  "lockfileVersion": 3,
  "requires": true,
  "packages": {
    "": {
      "name": "@hipo/eslint-config-typescript",
      "version": "1.2.1",
      "license": "UNLICENSED",
      "peerDependencies": {
        "@typescript-eslint/eslint-plugin": "^5.9.1",
        "@typescript-eslint/parser": "^5.9.1",
        "eslint-import-resolver-typescript": "^2.4.0",
        "eslint-plugin-import": "^2.23.4"
      }
    }
  }
}
